
Microsoft Visual Studio Solution File, Format Version 12.00
# Visual Studio Version 17
VisualStudioVersion = 17.0.31903.59
MinimumVisualStudioVersion = 10.0.40219.1
Project("{2150E333-8FDC-42A3-9474-1A3956D46DE8}") = "src", "src", "{827E0CD3-B72D-47B6-A68D-7590B98EB39B}"
EndProject
Project("{FAE04EC0-301F-11D3-BF4B-00C04F79EFBC}") = "DnaEntropyGraph.Core", "src\DnaEntropyGraph.Core\DnaEntropyGraph.Core.csproj", "{6B698F4E-113F-4326-BD8F-9AD0DFE7A1C8}"
EndProject
Project("{FAE04EC0-301F-11D3-BF4B-00C04F79EFBC}") = "DnaEntropyGraph.Cloud", "src\DnaEntropyGraph.Cloud\DnaEntropyGraph.Cloud.csproj", "{A9770BA1-B03B-46B6-BB76-33A8E8A551B8}"
EndProject
Project("{FAE04EC0-301F-11D3-BF4B-00C04F79EFBC}") = "DnaEntropyGraph.Persistence", "src\DnaEntropyGraph.Persistence\DnaEntropyGraph.Persistence.csproj", "{EBF614A7-C02E-4EAB-A816-F73187D865FD}"
EndProject
Project("{FAE04EC0-301F-11D3-BF4B-00C04F79EFBC}") = "DnaEntropyGraph.LocalEngine", "src\DnaEntropyGraph.LocalEngine\DnaEntropyGraph.LocalEngine.csproj", "{85F51EE7-69CB-4A1E-A971-5F11DAC2F421}"
EndProject
Project("{FAE04EC0-301F-11D3-BF4B-00C04F79EFBC}") = "DnaEntropyGraph.Presentation", "src\DnaEntropyGraph.Presentation\DnaEntropyGraph.Presentation.csproj", "{E45B43F9-F13E-48C2-A295-84E3444A71BC}"
EndProject
Project("{FAE04EC0-301F-11D3-BF4B-00C04F79EFBC}") = "DnaEntropyGraph.App", "src\DnaEntropyGraph.App\DnaEntropyGraph.App.csproj", "{D842CF35-D241-48B6-B90D-831923FAAF83}"
EndProject
Project("{2150E333-8FDC-42A3-9474-1A3956D46DE8}") = "tools", "tools", "{07C2787E-EAC7-C090-1BA3-A61EC2A24D84}"
EndProject
Project("{FAE04EC0-301F-11D3-BF4B-00C04F79EFBC}") = "DnaEntropyGraph.CloudCli", "tools\DnaEntropyGraph.CloudCli\DnaEntropyGraph.CloudCli.csproj", "{8219CDA0-305D-4CE9-9498-9D8645C28587}"
EndProject
Project("{2150E333-8FDC-42A3-9474-1A3956D46DE8}") = "tests", "tests", "{0AB3BF05-4346-4AA6-1389-037BE0695223}"
EndProject
Project("{FAE04EC0-301F-11D3-BF4B-00C04F79EFBC}") = "DnaEntropyGraph.Core.Tests", "tests\DnaEntropyGraph.Core.Tests\DnaEntropyGraph.Core.Tests.csproj", "{7BD8BB97-408F-4D03-B0F7-4009178CFC13}"
EndProject
Project("{FAE04EC0-301F-11D3-BF4B-00C04F79EFBC}") = "DnaEntropyGraph.Cloud.Tests", "tests\DnaEntropyGraph.Cloud.Tests\DnaEntropyGraph.Cloud.Tests.csproj", "{BD51F3FC-87D4-4FE9-AD1B-788CF9FE9A80}"
EndProject
Project("{FAE04EC0-301F-11D3-BF4B-00C04F79EFBC}") = "DnaEntropyGraph.Persistence.Tests", "tests\DnaEntropyGraph.Persistence.Tests\DnaEntropyGraph.Persistence.Tests.csproj", "{B139C26A-9800-4364-9CBC-C08C8A31F9CA}"
EndProject
Project("{FAE04EC0-301F-11D3-BF4B-00C04F79EFBC}") = "DnaEntropyGraph.Presentation.Tests", "tests\DnaEntropyGraph.Presentation.Tests\DnaEntropyGraph.Presentation.Tests.csproj", "{9A95C026-0476-4293-8464-44711E30C35B}"
EndProject
Project("{FAE04EC0-301F-11D3-BF4B-00C04F79EFBC}") = "DnaEntropyGraph.Guards.Tests", "tests\DnaEntropyGraph.Guards.Tests\DnaEntropyGraph.Guards.Tests.csproj", "{18DD2250-EF9F-4B67-BC2B-995463EC5C3C}"
EndProject
Project("{FAE04EC0-301F-11D3-BF4B-00C04F79EFBC}") = "DnaEntropyGraph.App.UiTests", "tests\DnaEntropyGraph.App.UiTests\DnaEntropyGraph.App.UiTests.csproj", "{038DC5AC-C968-4303-8A98-8A8991295F70}"
EndProject
Global
	GlobalSection(SolutionConfigurationPlatforms) = preSolution
		Debug|Any CPU = Debug|Any CPU
		Debug|x64 = Debug|x64
		Debug|x86 = Debug|x86
		Release|Any CPU = Release|Any CPU
		Release|x64 = Release|x64
		Release|x86 = Release|x86
	EndGlobalSection
	GlobalSection(ProjectConfigurationPlatforms) = postSolution
		{6B698F4E-113F-4326-BD8F-9AD0DFE7A1C8}.Debug|Any CPU.ActiveCfg = Debug|x64
		{6B698F4E-113F-4326-BD8F-9AD0DFE7A1C8}.Debug|Any CPU.Build.0 = Debug|x64
		{6B698F4E-113F-4326-BD8F-9AD0DFE7A1C8}.Debug|x64.ActiveCfg = Debug|x64
		{6B698F4E-113F-4326-BD8F-9AD0DFE7A1C8}.Debug|x64.Build.0 = Debug|x64
		{6B698F4E-113F-4326-BD8F-9AD0DFE7A1C8}.Debug|x86.ActiveCfg = Debug|x64
		{6B698F4E-113F-4326-BD8F-9AD0DFE7A1C8}.Debug|x86.Build.0 = Debug|x64
		{6B698F4E-113F-4326-BD8F-9AD0DFE7A1C8}.Release|Any CPU.ActiveCfg = Release|x64
		{6B698F4E-113F-4326-BD8F-9AD0DFE7A1C8}.Release|Any CPU.Build.0 = Release|x64
		{6B698F4E-113F-4326-BD8F-9AD0DFE7A1C8}.Release|x64.ActiveCfg = Release|x64
		{6B698F4E-113F-4326-BD8F-9AD0DFE7A1C8}.Release|x64.Build.0 = Release|x64
		{6B698F4E-113F-4326-BD8F-9AD0DFE7A1C8}.Release|x86.ActiveCfg = Release|x64
		{6B698F4E-113F-4326-BD8F-9AD0DFE7A1C8}.Release|x86.Build.0 = Release|x64
		{A9770BA1-B03B-46B6-BB76-33A8E8A551B8}.Debug|Any CPU.ActiveCfg = Debug|x64
		{A9770BA1-B03B-46B6-BB76-33A8E8A551B8}.Debug|Any CPU.Build.0 = Debug|x64
		{A9770BA1-B03B-46B6-BB76-33A8E8A551B8}.Debug|x64.ActiveCfg = Debug|x64
		{A9770BA1-B03B-46B6-BB76-33A8E8A551B8}.Debug|x64.Build.0 = Debug|x64
		{A9770BA1-B03B-46B6-BB76-33A8E8A551B8}.Debug|x86.ActiveCfg = Debug|x64
		{A9770BA1-B03B-46B6-BB76-33A8E8A551B8}.Debug|x86.Build.0 = Debug|x64
		{A9770BA1-B03B-46B6-BB76-33A8E8A551B8}.Release|Any CPU.ActiveCfg = Release|x64
		{A9770BA1-B03B-46B6-BB76-33A8E8A551B8}.Release|Any CPU.Build.0 = Release|x64
		{A9770BA1-B03B-46B6-BB76-33A8E8A551B8}.Release|x64.ActiveCfg = Release|x64
		{A9770BA1-B03B-46B6-BB76-33A8E8A551B8}.Release|x64.Build.0 = Release|x64
		{A9770BA1-B03B-46B6-BB76-33A8E8A551B8}.Release|x86.ActiveCfg = Release|x64
		{A9770BA1-B03B-46B6-BB76-33A8E8A551B8}.Release|x86.Build.0 = Release|x64
		{EBF614A7-C02E-4EAB-A816-F73187D865FD}.Debug|Any CPU.ActiveCfg = Debug|x64
		{EBF614A7-C02E-4EAB-A816-F73187D865FD}.Debug|Any CPU.Build.0 = Debug|x64
		{EBF614A7-C02E-4EAB-A816-F73187D865FD}.Debug|x64.ActiveCfg = Debug|x64
		{EBF614A7-C02E-4EAB-A816-F73187D865FD}.Debug|x64.Build.0 = Debug|x64
		{EBF614A7-C02E-4EAB-A816-F73187D865FD}.Debug|x86.ActiveCfg = Debug|x64
		{EBF614A7-C02E-4EAB-A816-F73187D865FD}.Debug|x86.Build.0 = Debug|x64
		{EBF614A7-C02E-4EAB-A816-F73187D865FD}.Release|Any CPU.ActiveCfg = Release|x64
		{EBF614A7-C02E-4EAB-A816-F73187D865FD}.Release|Any CPU.Build.0 = Release|x64
		{EBF614A7-C02E-4EAB-A816-F73187D865FD}.Release|x64.ActiveCfg = Release|x64
		{EBF614A7-C02E-4EAB-A816-F73187D865FD}.Release|x64.Build.0 = Release|x64
		{EBF614A7-C02E-4EAB-A816-F73187D865FD}.Release|x86.ActiveCfg = Release|x64
		{EBF614A7-C02E-4EAB-A816-F73187D865FD}.Release|x86.Build.0 = Release|x64
		{85F51EE7-69CB-4A1E-A971-5F11DAC2F421}.Debug|Any CPU.ActiveCfg = Debug|x64
		{85F51EE7-69CB-4A1E-A971-5F11DAC2F421}.Debug|Any CPU.Build.0 = Debug|x64
		{85F51EE7-69CB-4A1E-A971-5F11DAC2F421}.Debug|x64.ActiveCfg = Debug|x64
		{85F51EE7-69CB-4A1E-A971-5F11DAC2F421}.Debug|x64.Build.0 = Debug|x64
		{85F51EE7-69CB-4A1E-A971-5F11DAC2F421}.Debug|x86.ActiveCfg = Debug|x64
		{85F51EE7-69CB-4A1E-A971-5F11DAC2F421}.Debug|x86.Build.0 = Debug|x64
		{85F51EE7-69CB-4A1E-A971-5F11DAC2F421}.Release|Any CPU.ActiveCfg = Release|x64
		{85F51EE7-69CB-4A1E-A971-5F11DAC2F421}.Release|Any CPU.Build.0 = Release|x64
		{85F51EE7-69CB-4A1E-A971-5F11DAC2F421}.Release|x64.ActiveCfg = Release|x64
		{85F51EE7-69CB-4A1E-A971-5F11DAC2F421}.Release|x64.Build.0 = Release|x64
		{85F51EE7-69CB-4A1E-A971-5F11DAC2F421}.Release|x86.ActiveCfg = Release|x64
		{85F51EE7-69CB-4A1E-A971-5F11DAC2F421}.Release|x86.Build.0 = Release|x64
		{E45B43F9-F13E-48C2-A295-84E3444A71BC}.Debug|Any CPU.ActiveCfg = Debug|x64
		{E45B43F9-F13E-48C2-A295-84E3444A71BC}.Debug|Any CPU.Build.0 = Debug|x64
		{E45B43F9-F13E-48C2-A295-84E3444A71BC}.Debug|x64.ActiveCfg = Debug|x64
		{E45B43F9-F13E-48C2-A295-84E3444A71BC}.Debug|x64.Build.0 = Debug|x64
		{E45B43F9-F13E-48C2-A295-84E3444A71BC}.Debug|x86.ActiveCfg = Debug|x64
		{E45B43F9-F13E-48C2-A295-84E3444A71BC}.Debug|x86.Build.0 = Debug|x64
		{E45B43F9-F13E-48C2-A295-84E3444A71BC}.Release|Any CPU.ActiveCfg = Release|x64
		{E45B43F9-F13E-48C2-A295-84E3444A71BC}.Release|Any CPU.Build.0 = Release|x64
		{E45B43F9-F13E-48C2-A295-84E3444A71BC}.Release|x64.ActiveCfg = Release|x64
		{E45B43F9-F13E-48C2-A295-84E3444A71BC}.Release|x64.Build.0 = Release|x64
		{E45B43F9-F13E-48C2-A295-84E3444A71BC}.Release|x86.ActiveCfg = Release|x64
		{E45B43F9-F13E-48C2-A295-84E3444A71BC}.Release|x86.Build.0 = Release|x64
		{D842CF35-D241-48B6-B90D-831923FAAF83}.Debug|Any CPU.ActiveCfg = Debug|x64
		{D842CF35-D241-48B6-B90D-831923FAAF83}.Debug|Any CPU.Build.0 = Debug|x64
		{D842CF35-D241-48B6-B90D-831923FAAF83}.Debug|x64.ActiveCfg = Debug|x64
		{D842CF35-D241-48B6-B90D-831923FAAF83}.Debug|x64.Build.0 = Debug|x64
		{D842CF35-D241-48B6-B90D-831923FAAF83}.Debug|x86.ActiveCfg = Debug|x64
		{D842CF35-D241-48B6-B90D-831923FAAF83}.Debug|x86.Build.0 = Debug|x64
		{D842CF35-D241-48B6-B90D-831923FAAF83}.Release|Any CPU.ActiveCfg = Release|x64
		{D842CF35-D241-48B6-B90D-831923FAAF83}.Release|Any CPU.Build.0 = Release|x64
		{D842CF35-D241-48B6-B90D-831923FAAF83}.Release|x64.ActiveCfg = Release|x64
		{D842CF35-D241-48B6-B90D-831923FAAF83}.Release|x64.Build.0 = Release|x64
		{D842CF35-D241-48B6-B90D-831923FAAF83}.Release|x86.ActiveCfg = Release|x64
		{D842CF35-D241-48B6-B90D-831923FAAF83}.Release|x86.Build.0 = Release|x64
		{8219CDA0-305D-4CE9-9498-9D8645C28587}.Debug|Any CPU.ActiveCfg = Debug|x64
		{8219CDA0-305D-4CE9-9498-9D8645C28587}.Debug|Any CPU.Build.0 = Debug|x64
		{8219CDA0-305D-4CE9-9498-9D8645C28587}.Debug|x64.ActiveCfg = Debug|x64
		{8219CDA0-305D-4CE9-9498-9D8645C28587}.Debug|x64.Build.0 = Debug|x64
		{8219CDA0-305D-4CE9-9498-9D8645C28587}.Debug|x86.ActiveCfg = Debug|x64
		{8219CDA0-305D-4CE9-9498-9D8645C28587}.Debug|x86.Build.0 = Debug|x64
		{8219CDA0-305D-4CE9-9498-9D8645C28587}.Release|Any CPU.ActiveCfg = Release|x64
		{8219CDA0-305D-4CE9-9498-9D8645C28587}.Release|Any CPU.Build.0 = Release|x64
		{8219CDA0-305D-4CE9-9498-9D8645C28587}.Release|x64.ActiveCfg = Release|x64
		{8219CDA0-305D-4CE9-9498-9D8645C28587}.Release|x64.Build.0 = Release|x64
		{8219CDA0-305D-4CE9-9498-9D8645C28587}.Release|x86.ActiveCfg = Release|x64
		{8219CDA0-305D-4CE9-9498-9D8645C28587}.Release|x86.Build.0 = Release|x64
		{7BD8BB97-408F-4D03-B0F7-4009178CFC13}.Debug|Any CPU.ActiveCfg = Debug|x64
		{7BD8BB97-408F-4D03-B0F7-4009178CFC13}.Debug|Any CPU.Build.0 = Debug|x64
		{7BD8BB97-408F-4D03-B0F7-4009178CFC13}.Debug|x64.ActiveCfg = Debug|x64
		{7BD8BB97-408F-4D03-B0F7-4009178CFC13}.Debug|x64.Build.0 = Debug|x64
		{7BD8BB97-408F-4D03-B0F7-4009178CFC13}.Debug|x86.ActiveCfg = Debug|x64
		{7BD8BB97-408F-4D03-B0F7-4009178CFC13}.Debug|x86.Build.0 = Debug|x64
		{7BD8BB97-408F-4D03-B0F7-4009178CFC13}.Release|Any CPU.ActiveCfg = Release|x64
		{7BD8BB97-408F-4D03-B0F7-4009178CFC13}.Release|Any CPU.Build.0 = Release|x64
		{7BD8BB97-408F-4D03-B0F7-4009178CFC13}.Release|x64.ActiveCfg = Release|x64
		{7BD8BB97-408F-4D03-B0F7-4009178CFC13}.Release|x64.Build.0 = Release|x64
		{7BD8BB97-408F-4D03-B0F7-4009178CFC13}.Release|x86.ActiveCfg = Release|x64
		{7BD8BB97-408F-4D03-B0F7-4009178CFC13}.Release|x86.Build.0 = Release|x64
		{BD51F3FC-87D4-4FE9-AD1B-788CF9FE9A80}.Debug|Any CPU.ActiveCfg = Debug|x64
		{BD51F3FC-87D4-4FE9-AD1B-788CF9FE9A80}.Debug|Any CPU.Build.0 = Debug|x64
		{BD51F3FC-87D4-4FE9-AD1B-788CF9FE9A80}.Debug|x64.ActiveCfg = Debug|x64
		{BD51F3FC-87D4-4FE9-AD1B-788CF9FE9A80}.Debug|x64.Build.0 = Debug|x64
		{BD51F3FC-87D4-4FE9-AD1B-788CF9FE9A80}.Debug|x86.ActiveCfg = Debug|x64
		{BD51F3FC-87D4-4FE9-AD1B-788CF9FE9A80}.Debug|x86.Build.0 = Debug|x64
		{BD51F3FC-87D4-4FE9-AD1B-788CF9FE9A80}.Release|Any CPU.ActiveCfg = Release|x64
		{BD51F3FC-87D4-4FE9-AD1B-788CF9FE9A80}.Release|Any CPU.Build.0 = Release|x64
		{BD51F3FC-87D4-4FE9-AD1B-788CF9FE9A80}.Release|x64.ActiveCfg = Release|x64
		{BD51F3FC-87D4-4FE9-AD1B-788CF9FE9A80}.Release|x64.Build.0 = Release|x64
		{BD51F3FC-87D4-4FE9-AD1B-788CF9FE9A80}.Release|x86.ActiveCfg = Release|x64
		{BD51F3FC-87D4-4FE9-AD1B-788CF9FE9A80}.Release|x86.Build.0 = Release|x64
		{B139C26A-9800-4364-9CBC-C08C8A31F9CA}.Debug|Any CPU.ActiveCfg = Debug|x64
		{B139C26A-9800-4364-9CBC-C08C8A31F9CA}.Debug|Any CPU.Build.0 = Debug|x64
		{B139C26A-9800-4364-9CBC-C08C8A31F9CA}.Debug|x64.ActiveCfg = Debug|x64
		{B139C26A-9800-4364-9CBC-C08C8A31F9CA}.Debug|x64.Build.0 = Debug|x64
		{B139C26A-9800-4364-9CBC-C08C8A31F9CA}.Debug|x86.ActiveCfg = Debug|x64
		{B139C26A-9800-4364-9CBC-C08C8A31F9CA}.Debug|x86.Build.0 = Debug|x64
		{B139C26A-9800-4364-9CBC-C08C8A31F9CA}.Release|Any CPU.ActiveCfg = Release|x64
		{B139C26A-9800-4364-9CBC-C08C8A31F9CA}.Release|Any CPU.Build.0 = Release|x64
		{B139C26A-9800-4364-9CBC-C08C8A31F9CA}.Release|x64.ActiveCfg = Release|x64
		{B139C26A-9800-4364-9CBC-C08C8A31F9CA}.Release|x64.Build.0 = Release|x64
		{B139C26A-9800-4364-9CBC-C08C8A31F9CA}.Release|x86.ActiveCfg = Release|x64
		{B139C26A-9800-4364-9CBC-C08C8A31F9CA}.Release|x86.Build.0 = Release|x64
		{9A95C026-0476-4293-8464-44711E30C35B}.Debug|Any CPU.ActiveCfg = Debug|x64
		{9A95C026-0476-4293-8464-44711E30C35B}.Debug|Any CPU.Build.0 = Debug|x64
		{9A95C026-0476-4293-8464-44711E30C35B}.Debug|x64.ActiveCfg = Debug|x64
		{9A95C026-0476-4293-8464-44711E30C35B}.Debug|x64.Build.0 = Debug|x64
		{9A95C026-0476-4293-8464-44711E30C35B}.Debug|x86.ActiveCfg = Debug|x64
		{9A95C026-0476-4293-8464-44711E30C35B}.Debug|x86.Build.0 = Debug|x64
		{9A95C026-0476-4293-8464-44711E30C35B}.Release|Any CPU.ActiveCfg = Release|x64
		{9A95C026-0476-4293-8464-44711E30C35B}.Release|Any CPU.Build.0 = Release|x64
		{9A95C026-0476-4293-8464-44711E30C35B}.Release|x64.ActiveCfg = Release|x64
		{9A95C026-0476-4293-8464-44711E30C35B}.Release|x64.Build.0 = Release|x64
		{9A95C026-0476-4293-8464-44711E30C35B}.Release|x86.ActiveCfg = Release|x64
		{9A95C026-0476-4293-8464-44711E30C35B}.Release|x86.Build.0 = Release|x64
		{18DD2250-EF9F-4B67-BC2B-995463EC5C3C}.Debug|Any CPU.ActiveCfg = Debug|x64
		{18DD2250-EF9F-4B67-BC2B-995463EC5C3C}.Debug|Any CPU.Build.0 = Debug|x64
		{18DD2250-EF9F-4B67-BC2B-995463EC5C3C}.Debug|x64.ActiveCfg = Debug|x64
		{18DD2250-EF9F-4B67-BC2B-995463EC5C3C}.Debug|x64.Build.0 = Debug|x64
		{18DD2250-EF9F-4B67-BC2B-995463EC5C3C}.Debug|x86.ActiveCfg = Debug|x64
		{18DD2250-EF9F-4B67-BC2B-995463EC5C3C}.Debug|x86.Build.0 = Debug|x64
		{18DD2250-EF9F-4B67-BC2B-995463EC5C3C}.Release|Any CPU.ActiveCfg = Release|x64
		{18DD2250-EF9F-4B67-BC2B-995463EC5C3C}.Release|Any CPU.Build.0 = Release|x64
		{18DD2250-EF9F-4B67-BC2B-995463EC5C3C}.Release|x64.ActiveCfg = Release|x64
		{18DD2250-EF9F-4B67-BC2B-995463EC5C3C}.Release|x64.Build.0 = Release|x64
		{18DD2250-EF9F-4B67-BC2B-995463EC5C3C}.Release|x86.ActiveCfg = Release|x64
		{18DD2250-EF9F-4B67-BC2B-995463EC5C3C}.Release|x86.Build.0 = Release|x64
		{038DC5AC-C968-4303-8A98-8A8991295F70}.Debug|Any CPU.ActiveCfg = Debug|x64
		{038DC5AC-C968-4303-8A98-8A8991295F70}.Debug|Any CPU.Build.0 = Debug|x64
		{038DC5AC-C968-4303-8A98-8A8991295F70}.Debug|x64.ActiveCfg = Debug|x64
		{038DC5AC-C968-4303-8A98-8A8991295F70}.Debug|x64.Build.0 = Debug|x64
		{038DC5AC-C968-4303-8A98-8A8991295F70}.Debug|x86.ActiveCfg = Debug|x64
		{038DC5AC-C968-4303-8A98-8A8991295F70}.Debug|x86.Build.0 = Debug|x64
		{038DC5AC-C968-4303-8A98-8A8991295F70}.Release|Any CPU.ActiveCfg = Release|x64
		{038DC5AC-C968-4303-8A98-8A8991295F70}.Release|Any CPU.Build.0 = Release|x64
		{038DC5AC-C968-4303-8A98-8A8991295F70}.Release|x64.ActiveCfg = Release|x64
		{038DC5AC-C968-4303-8A98-8A8991295F70}.Release|x64.Build.0 = Release|x64
		{038DC5AC-C968-4303-8A98-8A8991295F70}.Release|x86.ActiveCfg = Release|x64
		{038DC5AC-C968-4303-8A98-8A8991295F70}.Release|x86.Build.0 = Release|x64
	EndGlobalSection
	GlobalSection(SolutionProperties) = preSolution
		HideSolutionNode = FALSE
	EndGlobalSection
	GlobalSection(NestedProjects) = preSolution
		{6B698F4E-113F-4326-BD8F-9AD0DFE7A1C8} = {827E0CD3-B72D-47B6-A68D-7590B98EB39B}
		{A9770BA1-B03B-46B6-BB76-33A8E8A551B8} = {827E0CD3-B72D-47B6-A68D-7590B98EB39B}
		{EBF614A7-C02E-4EAB-A816-F73187D865FD} = {827E0CD3-B72D-47B6-A68D-7590B98EB39B}
		{85F51EE7-69CB-4A1E-A971-5F11DAC2F421} = {827E0CD3-B72D-47B6-A68D-7590B98EB39B}
		{E45B43F9-F13E-48C2-A295-84E3444A71BC} = {827E0CD3-B72D-47B6-A68D-7590B98EB39B}
		{D842CF35-D241-48B6-B90D-831923FAAF83} = {827E0CD3-B72D-47B6-A68D-7590B98EB39B}
		{8219CDA0-305D-4CE9-9498-9D8645C28587} = {07C2787E-EAC7-C090-1BA3-A61EC2A24D84}
		{7BD8BB97-408F-4D03-B0F7-4009178CFC13} = {0AB3BF05-4346-4AA6-1389-037BE0695223}
		{BD51F3FC-87D4-4FE9-AD1B-788CF9FE9A80} = {0AB3BF05-4346-4AA6-1389-037BE0695223}
		{B139C26A-9800-4364-9CBC-C08C8A31F9CA} = {0AB3BF05-4346-4AA6-1389-037BE0695223}
		{9A95C026-0476-4293-8464-44711E30C35B} = {0AB3BF05-4346-4AA6-1389-037BE0695223}
		{18DD2250-EF9F-4B67-BC2B-995463EC5C3C} = {0AB3BF05-4346-4AA6-1389-037BE0695223}
		{038DC5AC-C968-4303-8A98-8A8991295F70} = {0AB3BF05-4346-4AA6-1389-037BE0695223}
	EndGlobalSection
EndGlobal
